{
  "name": "irvrun",
  "version": "1.0.1",
  "lockfileVersion": 2,
  "requires": true,
  "packages": {
    "": {
      "name": "irvrun",
      "version": "1.0.1",
      "devDependencies": {
        "@types/node": "^6.0.40",
        "@types/vscode": "^1.56.0",
        "typescript": "^5.9.2"
      },
      "engines": {
        "vscode": "^1.56.0"
      }
    },
    "node_modules/@types/node": {
      "version": "6.0.101",
      "resolved": "https://registry.npmjs.org/@types/node/-/node-6.0.101.tgz",
      "integrity": "sha512-IQ7V3D6+kK1DArTqTBrnl3M+YgJZLw8ta8w3Q9xjR79HaJzMAoTbZ8TNzUTztrkCKPTqIstE2exdbs1FzsYLUw==",
      "dev": true
    },
    "node_modules/@types/vscode": {
      "version": "1.56.0",
      "resolved": "https://registry.npmjs.org/@types/vscode/-/vscode-1.56.0.tgz",
      "integrity": "sha512-Q5VmQxOx+L1Y6lIJiGcJzwcyV3pQo/eiW8P+7sNLhFI16tJCwtua2DLjHRcpjbCLNVYpQM73kzfFo1Z0HyP9eQ==",
      "dev": true
    },
    "node_modules/typescript": {
      "version": "5.9.2",
      "resolved": "https://registry.npmjs.org/typescript/-/typescript-5.9.2.tgz",
      "integrity": "sha512-CWBzXQrc/qOkhidw1OzBTQuYRbfyxDXJMVJ1XNwUHGROVmuaeiEm3OslpZ1RV96d7SKKjZKrSJu3+t/xlw3R9A==",
      "dev": true,
      "license": "Apache-2.0",
      "bin": {
        "tsc": "bin/tsc",
        "tsserver": "bin/tsserver"
      },
      "engines": {
        "node": ">=14.17"
      }
    }
  },
  "dependencies": {
    "@types/node": {
      "version": "6.0.101",
      "resolved": "https://registry.npmjs.org/@types/node/-/node-6.0.101.tgz",
      "integrity": "sha512-IQ7V3D6+kK1DArTqTBrnl3M+YgJZLw8ta8w3Q9xjR79HaJzMAoTbZ8TNzUTztrkCKPTqIstE2exdbs1FzsYLUw==",
      "dev": true
    },
    "@types/vscode": {
      "version": "1.56.0",
      "resolved": "https://registry.npmjs.org/@types/vscode/-/vscode-1.56.0.tgz",
      "integrity": "sha512-Q5VmQxOx+L1Y6lIJiGcJzwcyV3pQo/eiW8P+7sNLhFI16tJCwtua2DLjHRcpjbCLNVYpQM73kzfFo1Z0HyP9eQ==",
      "dev": true
    },
    "typescript": {
      "version": "5.9.2",
      "resolved": "https://registry.npmjs.org/typescript/-/typescript-5.9.2.tgz",
      "integrity": "sha512-CWBzXQrc/qOkhidw1OzBTQuYRbfyxDXJMVJ1XNwUHGROVmuaeiEm3OslpZ1RV96d7SKKjZKrSJu3+t/xlw3R9A==",
      "dev": true
    }
  }
}
